
Microsoft Visual Studio Solution File, Format Version 12.00
# Visual Studio Express 2012 for Web
Project("{FAE04EC0-301F-11D3-BF4B-00C04F79EFBC}") = "FacebookPost", "FacebookPost\FacebookPost.csproj", "{002DA381-B1C2-4FDA-B697-1F66E9E451F4}"
EndProject
Global
	GlobalSection(SolutionConfigurationPlatforms) = preSolution
		Debug|Any CPU = Debug|Any CPU
		Release|Any CPU = Release|Any CPU
	EndGlobalSection
	GlobalSection(ProjectConfigurationPlatforms) = postSolution
		{002DA381-B1C2-4FDA-B697-1F66E9E451F4}.Debug|Any CPU.ActiveCfg = Debug|Any CPU
		{002DA381-B1C2-4FDA-B697-1F66E9E451F4}.Debug|Any CPU.Build.0 = Debug|Any CPU
		{002DA381-B1C2-4FDA-B697-1F66E9E451F4}.Release|Any CPU.ActiveCfg = Release|Any CPU
		{002DA381-B1C2-4FDA-B697-1F66E9E451F4}.Release|Any CPU.Build.0 = Release|Any CPU
	EndGlobalSection
	GlobalSection(SolutionProperties) = preSolution
		HideSolutionNode = FALSE
	EndGlobalSection
EndGlobal
